
Microsoft Visual Studio Solution File, Format Version 12.00
# Visual Studio 15
VisualStudioVersion = 15.0.26430.15
MinimumVisualStudioVersion = 10.0.40219.1
Project("{FAE04EC0-301F-11D3-BF4B-00C04F79EFBC}") = "SearchEngine", "SearchEngine\SearchEngine.csproj", "{DB5F891E-86A7-4B1A-9504-E7CD9FD3E880}"
EndProject
Project("{FAE04EC0-301F-11D3-BF4B-00C04F79EFBC}") = "SearchEngineUI", "SearchEngineUI\SearchEngineUI.csproj", "{1D91383C-D9EE-4AEB-A7EE-20327EE4D0C1}"
EndProject
Project("{FAE04EC0-301F-11D3-BF4B-00C04F79EFBC}") = "SearchEngineUI.Tests", "SearchEngineUI.Tests\SearchEngineUI.Tests.csproj", "{8459136C-DA1C-4D77-9F33-0CBDBE0F4C80}"
EndProject
Global
	GlobalSection(SolutionConfigurationPlatforms) = preSolution
		Debug|Any CPU = Debug|Any CPU
		Release|Any CPU = Release|Any CPU
	EndGlobalSection
	GlobalSection(ProjectConfigurationPlatforms) = postSolution
		{DB5F891E-86A7-4B1A-9504-E7CD9FD3E880}.Debug|Any CPU.ActiveCfg = Debug|Any CPU
		{DB5F891E-86A7-4B1A-9504-E7CD9FD3E880}.Debug|Any CPU.Build.0 = Debug|Any CPU
		{DB5F891E-86A7-4B1A-9504-E7CD9FD3E880}.Release|Any CPU.ActiveCfg = Release|Any CPU
		{DB5F891E-86A7-4B1A-9504-E7CD9FD3E880}.Release|Any CPU.Build.0 = Release|Any CPU
		{1D91383C-D9EE-4AEB-A7EE-20327EE4D0C1}.Debug|Any CPU.ActiveCfg = Debug|Any CPU
		{1D91383C-D9EE-4AEB-A7EE-20327EE4D0C1}.Debug|Any CPU.Build.0 = Debug|Any CPU
		{1D91383C-D9EE-4AEB-A7EE-20327EE4D0C1}.Release|Any CPU.ActiveCfg = Release|Any CPU
		{1D91383C-D9EE-4AEB-A7EE-20327EE4D0C1}.Release|Any CPU.Build.0 = Release|Any CPU
		{8459136C-DA1C-4D77-9F33-0CBDBE0F4C80}.Debug|Any CPU.ActiveCfg = Debug|Any CPU
		{8459136C-DA1C-4D77-9F33-0CBDBE0F4C80}.Debug|Any CPU.Build.0 = Debug|Any CPU
		{8459136C-DA1C-4D77-9F33-0CBDBE0F4C80}.Release|Any CPU.ActiveCfg = Release|Any CPU
		{8459136C-DA1C-4D77-9F33-0CBDBE0F4C80}.Release|Any CPU.Build.0 = Release|Any CPU
	EndGlobalSection
	GlobalSection(SolutionProperties) = preSolution
		HideSolutionNode = FALSE
	EndGlobalSection
EndGlobal
